// !$*UTF8*$!
{
	archiveVersion = 1;
	classes = {
	};
	objectVersion = 56;
	objects = {

/* Begin PBXBuildFile section */
		C00F2DDE2A7BE53E004729B9 /* Protocol+ViewController.swift in Sources */ = {isa = PBXBuildFile; fileRef = C00F2DDD2A7BE53E004729B9 /* Protocol+ViewController.swift */; };
		C015693F2A77998D008685C2 /* AppDelegate.swift in Sources */ = {isa = PBXBuildFile; fileRef = C015693E2A77998D008685C2 /* AppDelegate.swift */; };
		C01569412A77998D008685C2 /* SceneDelegate.swift in Sources */ = {isa = PBXBuildFile; fileRef = C01569402A77998D008685C2 /* SceneDelegate.swift */; };
		C01569462A77998D008685C2 /* Main.storyboard in Resources */ = {isa = PBXBuildFile; fileRef = C01569442A77998D008685C2 /* Main.storyboard */; };
		C01569482A77998E008685C2 /* Assets.xcassets in Resources */ = {isa = PBXBuildFile; fileRef = C01569472A77998E008685C2 /* Assets.xcassets */; };
		C015694B2A77998E008685C2 /* LaunchScreen.storyboard in Resources */ = {isa = PBXBuildFile; fileRef = C01569492A77998E008685C2 /* LaunchScreen.storyboard */; };
		C01569532A779B92008685C2 /* MainCollectionViewController.swift in Sources */ = {isa = PBXBuildFile; fileRef = C01569522A779B91008685C2 /* MainCollectionViewController.swift */; };
		C01569582A779BF2008685C2 /* MovieCollectionViewCell.swift in Sources */ = {isa = PBXBuildFile; fileRef = C01569562A779BF2008685C2 /* MovieCollectionViewCell.swift */; };
		C01569592A779BF2008685C2 /* MovieCollectionViewCell.xib in Resources */ = {isa = PBXBuildFile; fileRef = C01569572A779BF2008685C2 /* MovieCollectionViewCell.xib */; };
		C015695B2A77A0E3008685C2 /* SearchViewController.swift in Sources */ = {isa = PBXBuildFile; fileRef = C015695A2A77A0E3008685C2 /* SearchViewController.swift */; };
		C021B0112A7A42E000E096EC /* HeaderCollectionReusableView.swift in Sources */ = {isa = PBXBuildFile; fileRef = C021B00F2A7A42E000E096EC /* HeaderCollectionReusableView.swift */; };
		C021B0122A7A42E000E096EC /* HeaderCollectionReusableView.xib in Resources */ = {isa = PBXBuildFile; fileRef = C021B0102A7A42E000E096EC /* HeaderCollectionReusableView.xib */; };
		C021B0152A7A944F00E096EC /* FirstTableViewCell.swift in Sources */ = {isa = PBXBuildFile; fileRef = C021B0132A7A944F00E096EC /* FirstTableViewCell.swift */; };
		C021B0162A7A944F00E096EC /* FirstTableViewCell.xib in Resources */ = {isa = PBXBuildFile; fileRef = C021B0142A7A944F00E096EC /* FirstTableViewCell.xib */; };
		C05C44572AA5A39800C4CE69 /* Realm in Frameworks */ = {isa = PBXBuildFile; productRef = C05C44562AA5A39800C4CE69 /* Realm */; };
		C05C44592AA5A39800C4CE69 /* RealmSwift in Frameworks */ = {isa = PBXBuildFile; productRef = C05C44582AA5A39800C4CE69 /* RealmSwift */; };
		C05C445B2AA5A94F00C4CE69 /* RealmModel.swift in Sources */ = {isa = PBXBuildFile; fileRef = C05C445A2AA5A94F00C4CE69 /* RealmModel.swift */; };
		C05C445D2AA5B3FE00C4CE69 /* RealmManager.swift in Sources */ = {isa = PBXBuildFile; fileRef = C05C445C2AA5B3FE00C4CE69 /* RealmManager.swift */; };
		C05C448F2AA710DF00C4CE69 /* DetailBookViewController.swift in Sources */ = {isa = PBXBuildFile; fileRef = C05C448E2AA710DF00C4CE69 /* DetailBookViewController.swift */; };
		C05C44922AA7146000C4CE69 /* SnapKit in Frameworks */ = {isa = PBXBuildFile; productRef = C05C44912AA7146000C4CE69 /* SnapKit */; };
		C05C44952AA76BFE00C4CE69 /* UIViewController+Extension.swift in Sources */ = {isa = PBXBuildFile; fileRef = C05C44942AA76BFE00C4CE69 /* UIViewController+Extension.swift */; };
		C0754A592AA84E670064FCAC /* RealmDataBaseProtocol.swift in Sources */ = {isa = PBXBuildFile; fileRef = C0754A582AA84E670064FCAC /* RealmDataBaseProtocol.swift */; };
		C0754A5B2AA8500A0064FCAC /* BookRepository.swift in Sources */ = {isa = PBXBuildFile; fileRef = C0754A5A2AA8500A0064FCAC /* BookRepository.swift */; };
		C0A4058C2A82688D00C7C1CE /* Kingfisher in Frameworks */ = {isa = PBXBuildFile; productRef = C0A4058B2A82688D00C7C1CE /* Kingfisher */; };
		C0A4058F2A82689D00C7C1CE /* SwiftyJSON in Frameworks */ = {isa = PBXBuildFile; productRef = C0A4058E2A82689D00C7C1CE /* SwiftyJSON */; };
		C0A405922A8268A600C7C1CE /* Alamofire in Frameworks */ = {isa = PBXBuildFile; productRef = C0A405912A8268A600C7C1CE /* Alamofire */; };
		C0A405962A826B8700C7C1CE /* .gitignore in Resources */ = {isa = PBXBuildFile; fileRef = C0A405952A826B8700C7C1CE /* .gitignore */; };
		C0A405982A826BB400C7C1CE /* APIKey.swift in Sources */ = {isa = PBXBuildFile; fileRef = C0A405972A826BB400C7C1CE /* APIKey.swift */; };
		C0A4059A2A82706000C7C1CE /* Book.swift in Sources */ = {isa = PBXBuildFile; fileRef = C0A405992A82706000C7C1CE /* Book.swift */; };
		C0A4059C2A82718200C7C1CE /* SearchBookViewController.swift in Sources */ = {isa = PBXBuildFile; fileRef = C0A4059B2A82718200C7C1CE /* SearchBookViewController.swift */; };
		C0A4059F2A82740900C7C1CE /* BookCollectionViewCell.swift in Sources */ = {isa = PBXBuildFile; fileRef = C0A4059D2A82740900C7C1CE /* BookCollectionViewCell.swift */; };
		C0A405A02A82740900C7C1CE /* BookCollectionViewCell.xib in Resources */ = {isa = PBXBuildFile; fileRef = C0A4059E2A82740900C7C1CE /* BookCollectionViewCell.xib */; };
		C0EAD3842A77A95100A289BA /* Movie.swift in Sources */ = {isa = PBXBuildFile; fileRef = C0EAD3832A77A95100A289BA /* Movie.swift */; };
		C0EAD3862A77A96D00A289BA /* MovieInfo.swift in Sources */ = {isa = PBXBuildFile; fileRef = C0EAD3852A77A96D00A289BA /* MovieInfo.swift */; };
		C0EAD3882A77DE7D00A289BA /* DetailViewController.swift in Sources */ = {isa = PBXBuildFile; fileRef = C0EAD3872A77DE7D00A289BA /* DetailViewController.swift */; };
		C0EAD38C2A78F38500A289BA /* UIColor+Extension.swift in Sources */ = {isa = PBXBuildFile; fileRef = C0EAD38B2A78F38500A289BA /* UIColor+Extension.swift */; };
		C0EAD3B92A7A27AC00A289BA /* ArroundViewController.swift in Sources */ = {isa = PBXBuildFile; fileRef = C0EAD3B82A7A27AC00A289BA /* ArroundViewController.swift */; };
		C0EAD3BC2A7A2D9100A289BA /* FirstHeaderCollectionViewCell.swift in Sources */ = {isa = PBXBuildFile; fileRef = C0EAD3BA2A7A2D9100A289BA /* FirstHeaderCollectionViewCell.swift */; };
		C0EAD3BD2A7A2D9100A289BA /* FirstHeaderCollectionViewCell.xib in Resources */ = {isa = PBXBuildFile; fileRef = C0EAD3BB2A7A2D9100A289BA /* FirstHeaderCollectionViewCell.xib */; };
/* End PBXBuildFile section */

/* Begin PBXFileReference section */
		C00F2DDD2A7BE53E004729B9 /* Protocol+ViewController.swift */ = {isa = PBXFileReference; lastKnownFileType = sourcecode.swift; path = "Protocol+ViewController.swift"; sourceTree = "<group>"; };
		C015693B2A77998D008685C2 /* bookwarm.app */ = {isa = PBXFileReference; explicitFileType = wrapper.application; includeInIndex = 0; path = bookwarm.app; sourceTree = BUILT_PRODUCTS_DIR; };
		C015693E2A77998D008685C2 /* AppDelegate.swift */ = {isa = PBXFileReference; lastKnownFileType = sourcecode.swift; path = AppDelegate.swift; sourceTree = "<group>"; };
		C01569402A77998D008685C2 /* SceneDelegate.swift */ = {isa = PBXFileReference; lastKnownFileType = sourcecode.swift; path = SceneDelegate.swift; sourceTree = "<group>"; };
		C01569452A77998D008685C2 /* Base */ = {isa = PBXFileReference; lastKnownFileType = file.storyboard; name = Base; path = Base.lproj/Main.storyboard; sourceTree = "<group>"; };
		C01569472A77998E008685C2 /* Assets.xcassets */ = {isa = PBXFileReference; lastKnownFileType = folder.assetcatalog; path = Assets.xcassets; sourceTree = "<group>"; };
		C015694A2A77998E008685C2 /* Base */ = {isa = PBXFileReference; lastKnownFileType = file.storyboard; name = Base; path = Base.lproj/LaunchScreen.storyboard; sourceTree = "<group>"; };
		C015694C2A77998E008685C2 /* Info.plist */ = {isa = PBXFileReference; lastKnownFileType = text.plist.xml; path = Info.plist; sourceTree = "<group>"; };
		C01569522A779B91008685C2 /* MainCollectionViewController.swift */ = {isa = PBXFileReference; lastKnownFileType = sourcecode.swift; path = MainCollectionViewController.swift; sourceTree = "<group>"; };
		C01569562A779BF2008685C2 /* MovieCollectionViewCell.swift */ = {isa = PBXFileReference; lastKnownFileType = sourcecode.swift; path = MovieCollectionViewCell.swift; sourceTree = "<group>"; };
		C01569572A779BF2008685C2 /* MovieCollectionViewCell.xib */ = {isa = PBXFileReference; lastKnownFileType = file.xib; path = MovieCollectionViewCell.xib; sourceTree = "<group>"; };
		C015695A2A77A0E3008685C2 /* SearchViewController.swift */ = {isa = PBXFileReference; lastKnownFileType = sourcecode.swift; name = SearchViewController.swift; path = bookwarm/ViewController/SearchViewController.swift; sourceTree = SOURCE_ROOT; };
		C021B00F2A7A42E000E096EC /* HeaderCollectionReusableView.swift */ = {isa = PBXFileReference; lastKnownFileType = sourcecode.swift; name = HeaderCollectionReusableView.swift; path = bookwarm/HeaderCollectionReusableView.swift; sourceTree = SOURCE_ROOT; };
		C021B0102A7A42E000E096EC /* HeaderCollectionReusableView.xib */ = {isa = PBXFileReference; lastKnownFileType = file.xib; name = HeaderCollectionReusableView.xib; path = bookwarm/HeaderCollectionReusableView.xib; sourceTree = SOURCE_ROOT; };
		C021B0132A7A944F00E096EC /* FirstTableViewCell.swift */ = {isa = PBXFileReference; lastKnownFileType = sourcecode.swift; name = FirstTableViewCell.swift; path = bookwarm/ViewController/FirstTableViewCell.swift; sourceTree = SOURCE_ROOT; };
		C021B0142A7A944F00E096EC /* FirstTableViewCell.xib */ = {isa = PBXFileReference; lastKnownFileType = file.xib; name = FirstTableViewCell.xib; path = bookwarm/ViewController/FirstTableViewCell.xib; sourceTree = SOURCE_ROOT; };
		C05C445A2AA5A94F00C4CE69 /* RealmModel.swift */ = {isa = PBXFileReference; lastKnownFileType = sourcecode.swift; path = RealmModel.swift; sourceTree = "<group>"; };
		C05C445C2AA5B3FE00C4CE69 /* RealmManager.swift */ = {isa = PBXFileReference; lastKnownFileType = sourcecode.swift; path = RealmManager.swift; sourceTree = "<group>"; };
		C05C448E2AA710DF00C4CE69 /* DetailBookViewController.swift */ = {isa = PBXFileReference; lastKnownFileType = sourcecode.swift; path = DetailBookViewController.swift; sourceTree = "<group>"; };
		C05C44942AA76BFE00C4CE69 /* UIViewController+Extension.swift */ = {isa = PBXFileReference; lastKnownFileType = sourcecode.swift; path = "UIViewController+Extension.swift"; sourceTree = "<group>"; };
		C0754A582AA84E670064FCAC /* RealmDataBaseProtocol.swift */ = {isa = PBXFileReference; lastKnownFileType = sourcecode.swift; path = RealmDataBaseProtocol.swift; sourceTree = "<group>"; };
		C0754A5A2AA8500A0064FCAC /* BookRepository.swift */ = {isa = PBXFileReference; lastKnownFileType = sourcecode.swift; path = BookRepository.swift; sourceTree = "<group>"; };
		C0A405952A826B8700C7C1CE /* .gitignore */ = {isa = PBXFileReference; lastKnownFileType = text; path = .gitignore; sourceTree = "<group>"; };
		C0A405972A826BB400C7C1CE /* APIKey.swift */ = {isa = PBXFileReference; lastKnownFileType = sourcecode.swift; path = APIKey.swift; sourceTree = "<group>"; };
		C0A405992A82706000C7C1CE /* Book.swift */ = {isa = PBXFileReference; lastKnownFileType = sourcecode.swift; path = Book.swift; sourceTree = "<group>"; };
		C0A4059B2A82718200C7C1CE /* SearchBookViewController.swift */ = {isa = PBXFileReference; lastKnownFileType = sourcecode.swift; name = SearchBookViewController.swift; path = bookwarm/SearchBookViewController.swift; sourceTree = SOURCE_ROOT; };
		C0A4059D2A82740900C7C1CE /* BookCollectionViewCell.swift */ = {isa = PBXFileReference; lastKnownFileType = sourcecode.swift; name = BookCollectionViewCell.swift; path = bookwarm/ViewController/BookCollectionViewCell.swift; sourceTree = SOURCE_ROOT; };
		C0A4059E2A82740900C7C1CE /* BookCollectionViewCell.xib */ = {isa = PBXFileReference; lastKnownFileType = file.xib; name = BookCollectionViewCell.xib; path = bookwarm/ViewController/BookCollectionViewCell.xib; sourceTree = SOURCE_ROOT; };
		C0EAD3832A77A95100A289BA /* Movie.swift */ = {isa = PBXFileReference; lastKnownFileType = sourcecode.swift; path = Movie.swift; sourceTree = "<group>"; };
		C0EAD3852A77A96D00A289BA /* MovieInfo.swift */ = {isa = PBXFileReference; lastKnownFileType = sourcecode.swift; path = MovieInfo.swift; sourceTree = "<group>"; };
		C0EAD3872A77DE7D00A289BA /* DetailViewController.swift */ = {isa = PBXFileReference; lastKnownFileType = sourcecode.swift; path = DetailViewController.swift; sourceTree = "<group>"; };
		C0EAD38B2A78F38500A289BA /* UIColor+Extension.swift */ = {isa = PBXFileReference; lastKnownFileType = sourcecode.swift; path = "UIColor+Extension.swift"; sourceTree = "<group>"; };
		C0EAD3B82A7A27AC00A289BA /* ArroundViewController.swift */ = {isa = PBXFileReference; lastKnownFileType = sourcecode.swift; name = ArroundViewController.swift; path = bookwarm/ArroundViewController.swift; sourceTree = SOURCE_ROOT; };
		C0EAD3BA2A7A2D9100A289BA /* FirstHeaderCollectionViewCell.swift */ = {isa = PBXFileReference; lastKnownFileType = sourcecode.swift; path = FirstHeaderCollectionViewCell.swift; sourceTree = "<group>"; };
		C0EAD3BB2A7A2D9100A289BA /* FirstHeaderCollectionViewCell.xib */ = {isa = PBXFileReference; lastKnownFileType = file.xib; path = FirstHeaderCollectionViewCell.xib; sourceTree = "<group>"; };
/* End PBXFileReference section */

/* Begin PBXFrameworksBuildPhase section */
		C01569382A77998D008685C2 /* Frameworks */ = {
			isa = PBXFrameworksBuildPhase;
			buildActionMask = 2147483647;
			files = (
				C0A405922A8268A600C7C1CE /* Alamofire in Frameworks */,
				C0A4058F2A82689D00C7C1CE /* SwiftyJSON in Frameworks */,
				C05C44572AA5A39800C4CE69 /* Realm in Frameworks */,
				C05C44922AA7146000C4CE69 /* SnapKit in Frameworks */,
				C05C44592AA5A39800C4CE69 /* RealmSwift in Frameworks */,
				C0A4058C2A82688D00C7C1CE /* Kingfisher in Frameworks */,
			);
			runOnlyForDeploymentPostprocessing = 0;
		};
/* End PBXFrameworksBuildPhase section */

/* Begin PBXGroup section */
		C00F2DDC2A7BE504004729B9 /* Protocol */ = {
			isa = PBXGroup;
			children = (
				C00F2DDD2A7BE53E004729B9 /* Protocol+ViewController.swift */,
				C0754A582AA84E670064FCAC /* RealmDataBaseProtocol.swift */,
			);
			path = Protocol;
			sourceTree = "<group>";
		};
		C01569322A77998D008685C2 = {
			isa = PBXGroup;
			children = (
				C015693D2A77998D008685C2 /* bookwarm */,
				C015693C2A77998D008685C2 /* Products */,
			);
			sourceTree = "<group>";
		};
		C015693C2A77998D008685C2 /* Products */ = {
			isa = PBXGroup;
			children = (
				C015693B2A77998D008685C2 /* bookwarm.app */,
			);
			name = Products;
			sourceTree = "<group>";
		};
		C015693D2A77998D008685C2 /* bookwarm */ = {
			isa = PBXGroup;
			children = (
				C0A405952A826B8700C7C1CE /* .gitignore */,
				C015694C2A77998E008685C2 /* Info.plist */,
				C0A405972A826BB400C7C1CE /* APIKey.swift */,
				C015693E2A77998D008685C2 /* AppDelegate.swift */,
				C01569402A77998D008685C2 /* SceneDelegate.swift */,
				C01569472A77998E008685C2 /* Assets.xcassets */,
				C0EAD3B72A7A276F00A289BA /* Cell */,
				C05C44932AA76BEF00C4CE69 /* Extension */,
				C01569492A77998E008685C2 /* LaunchScreen.storyboard */,
				C01569442A77998D008685C2 /* Main.storyboard */,
				C0EAD3B62A7A275700A289BA /* Model */,
				C00F2DDC2A7BE504004729B9 /* Protocol */,
				C05C44542AA5A35B00C4CE69 /* Realm */,
				C0754A5C2AA850100064FCAC /* Repository */,
				C0EAD3B52A7A273600A289BA /* ViewController */,
			);
			path = bookwarm;
			sourceTree = "<group>";
		};
		C05C44542AA5A35B00C4CE69 /* Realm */ = {
			isa = PBXGroup;
			children = (
				C05C445A2AA5A94F00C4CE69 /* RealmModel.swift */,
				C05C445C2AA5B3FE00C4CE69 /* RealmManager.swift */,
			);
			path = Realm;
			sourceTree = "<group>";
		};
		C05C44932AA76BEF00C4CE69 /* Extension */ = {
			isa = PBXGroup;
			children = (
				C0EAD38B2A78F38500A289BA /* UIColor+Extension.swift */,
				C05C44942AA76BFE00C4CE69 /* UIViewController+Extension.swift */,
			);
			path = Extension;
			sourceTree = "<group>";
		};
		C0754A5C2AA850100064FCAC /* Repository */ = {
			isa = PBXGroup;
			children = (
				C0754A5A2AA8500A0064FCAC /* BookRepository.swift */,
			);
			path = Repository;
			sourceTree = "<group>";
		};
		C0EAD3B52A7A273600A289BA /* ViewController */ = {
			isa = PBXGroup;
			children = (
				C0A4059B2A82718200C7C1CE /* SearchBookViewController.swift */,
				C0EAD3B82A7A27AC00A289BA /* ArroundViewController.swift */,
				C01569522A779B91008685C2 /* MainCollectionViewController.swift */,
				C0EAD3872A77DE7D00A289BA /* DetailViewController.swift */,
				C015695A2A77A0E3008685C2 /* SearchViewController.swift */,
				C05C448E2AA710DF00C4CE69 /* DetailBookViewController.swift */,
			);
			path = ViewController;
			sourceTree = "<group>";
		};
		C0EAD3B62A7A275700A289BA /* Model */ = {
			isa = PBXGroup;
			children = (
				C0EAD3832A77A95100A289BA /* Movie.swift */,
				C0EAD3852A77A96D00A289BA /* MovieInfo.swift */,
				C0A405992A82706000C7C1CE /* Book.swift */,
			);
			path = Model;
			sourceTree = "<group>";
		};
		C0EAD3B72A7A276F00A289BA /* Cell */ = {
			isa = PBXGroup;
			children = (
				C0A4059D2A82740900C7C1CE /* BookCollectionViewCell.swift */,
				C0A4059E2A82740900C7C1CE /* BookCollectionViewCell.xib */,
				C021B0132A7A944F00E096EC /* FirstTableViewCell.swift */,
				C021B0142A7A944F00E096EC /* FirstTableViewCell.xib */,
				C021B00F2A7A42E000E096EC /* HeaderCollectionReusableView.swift */,
				C021B0102A7A42E000E096EC /* HeaderCollectionReusableView.xib */,
				C01569562A779BF2008685C2 /* MovieCollectionViewCell.swift */,
				C01569572A779BF2008685C2 /* MovieCollectionViewCell.xib */,
				C0EAD3BA2A7A2D9100A289BA /* FirstHeaderCollectionViewCell.swift */,
				C0EAD3BB2A7A2D9100A289BA /* FirstHeaderCollectionViewCell.xib */,
			);
			path = Cell;
			sourceTree = "<group>";
		};
/* End PBXGroup section */

/* Begin PBXNativeTarget section */
		C015693A2A77998D008685C2 /* bookwarm */ = {
			isa = PBXNativeTarget;
			buildConfigurationList = C015694F2A77998E008685C2 /* Build configuration list for PBXNativeTarget "bookwarm" */;
			buildPhases = (
				C01569372A77998D008685C2 /* Sources */,
				C01569382A77998D008685C2 /* Frameworks */,
				C01569392A77998D008685C2 /* Resources */,
			);
			buildRules = (
			);
			dependencies = (
			);
			name = bookwarm;
			packageProductDependencies = (
				C0A4058B2A82688D00C7C1CE /* Kingfisher */,
				C0A4058E2A82689D00C7C1CE /* SwiftyJSON */,
				C0A405912A8268A600C7C1CE /* Alamofire */,
				C05C44562AA5A39800C4CE69 /* Realm */,
				C05C44582AA5A39800C4CE69 /* RealmSwift */,
				C05C44912AA7146000C4CE69 /* SnapKit */,
			);
			productName = bookwarm;
			productReference = C015693B2A77998D008685C2 /* bookwarm.app */;
			productType = "com.apple.product-type.application";
		};
/* End PBXNativeTarget section */

/* Begin PBXProject section */
		C01569332A77998D008685C2 /* Project object */ = {
			isa = PBXProject;
			attributes = {
				BuildIndependentTargetsInParallel = 1;
				LastSwiftUpdateCheck = 1430;
				LastUpgradeCheck = 1430;
				TargetAttributes = {
					C015693A2A77998D008685C2 = {
						CreatedOnToolsVersion = 14.3.1;
					};
				};
			};
			buildConfigurationList = C01569362A77998D008685C2 /* Build configuration list for PBXProject "bookwarm" */;
			compatibilityVersion = "Xcode 14.0";
			developmentRegion = en;
			hasScannedForEncodings = 0;
			knownRegions = (
				en,
				Base,
			);
			mainGroup = C01569322A77998D008685C2;
			packageReferences = (
				C0A4058A2A82688D00C7C1CE /* XCRemoteSwiftPackageReference "Kingfisher" */,
				C0A4058D2A82689D00C7C1CE /* XCRemoteSwiftPackageReference "SwiftyJSON" */,
				C0A405902A8268A600C7C1CE /* XCRemoteSwiftPackageReference "Alamofire" */,
				C05C44552AA5A39800C4CE69 /* XCRemoteSwiftPackageReference "realm-swift" */,
				C05C44902AA7145F00C4CE69 /* XCRemoteSwiftPackageReference "SnapKit" */,
			);
			productRefGroup = C015693C2A77998D008685C2 /* Products */;
			projectDirPath = "";
			projectRoot = "";
			targets = (
				C015693A2A77998D008685C2 /* bookwarm */,
			);
		};
/* End PBXProject section */

/* Begin PBXResourcesBuildPhase section */
		C01569392A77998D008685C2 /* Resources */ = {
			isa = PBXResourcesBuildPhase;
			buildActionMask = 2147483647;
			files = (
				C0A405962A826B8700C7C1CE /* .gitignore in Resources */,
				C015694B2A77998E008685C2 /* LaunchScreen.storyboard in Resources */,
				C021B0162A7A944F00E096EC /* FirstTableViewCell.xib in Resources */,
				C01569482A77998E008685C2 /* Assets.xcassets in Resources */,
				C0A405A02A82740900C7C1CE /* BookCollectionViewCell.xib in Resources */,
				C021B0122A7A42E000E096EC /* HeaderCollectionReusableView.xib in Resources */,
				C0EAD3BD2A7A2D9100A289BA /* FirstHeaderCollectionViewCell.xib in Resources */,
				C01569462A77998D008685C2 /* Main.storyboard in Resources */,
				C01569592A779BF2008685C2 /* MovieCollectionViewCell.xib in Resources */,
			);
			runOnlyForDeploymentPostprocessing = 0;
		};
/* End PBXResourcesBuildPhase section */

/* Begin PBXSourcesBuildPhase section */
		C01569372A77998D008685C2 /* Sources */ = {
			isa = PBXSourcesBuildPhase;
			buildActionMask = 2147483647;
			files = (
				C0A4059A2A82706000C7C1CE /* Book.swift in Sources */,
				C0EAD38C2A78F38500A289BA /* UIColor+Extension.swift in Sources */,
				C05C445B2AA5A94F00C4CE69 /* RealmModel.swift in Sources */,
				C0EAD3B92A7A27AC00A289BA /* ArroundViewController.swift in Sources */,
				C0A4059F2A82740900C7C1CE /* BookCollectionViewCell.swift in Sources */,
				C05C448F2AA710DF00C4CE69 /* DetailBookViewController.swift in Sources */,
				C0EAD3862A77A96D00A289BA /* MovieInfo.swift in Sources */,
				C0A4059C2A82718200C7C1CE /* SearchBookViewController.swift in Sources */,
				C015695B2A77A0E3008685C2 /* SearchViewController.swift in Sources */,
				C0754A592AA84E670064FCAC /* RealmDataBaseProtocol.swift in Sources */,
				C0A405982A826BB400C7C1CE /* APIKey.swift in Sources */,
				C0754A5B2AA8500A0064FCAC /* BookRepository.swift in Sources */,
				C021B0112A7A42E000E096EC /* HeaderCollectionReusableView.swift in Sources */,
				C021B0152A7A944F00E096EC /* FirstTableViewCell.swift in Sources */,
				C05C44952AA76BFE00C4CE69 /* UIViewController+Extension.swift in Sources */,
				C015693F2A77998D008685C2 /* AppDelegate.swift in Sources */,
				C0EAD3842A77A95100A289BA /* Movie.swift in Sources */,
				C01569532A779B92008685C2 /* MainCollectionViewController.swift in Sources */,
				C0EAD3BC2A7A2D9100A289BA /* FirstHeaderCollectionViewCell.swift in Sources */,
				C01569412A77998D008685C2 /* SceneDelegate.swift in Sources */,
				C01569582A779BF2008685C2 /* MovieCollectionViewCell.swift in Sources */,
				C05C445D2AA5B3FE00C4CE69 /* RealmManager.swift in Sources */,
				C00F2DDE2A7BE53E004729B9 /* Protocol+ViewController.swift in Sources */,
				C0EAD3882A77DE7D00A289BA /* DetailViewController.swift in Sources */,
			);
			runOnlyForDeploymentPostprocessing = 0;
		};
/* End PBXSourcesBuildPhase section */

/* Begin PBXVariantGroup section */
		C01569442A77998D008685C2 /* Main.storyboard */ = {
			isa = PBXVariantGroup;
			children = (
				C01569452A77998D008685C2 /* Base */,
			);
			name = Main.storyboard;
			sourceTree = "<group>";
		};
		C01569492A77998E008685C2 /* LaunchScreen.storyboard */ = {
			isa = PBXVariantGroup;
			children = (
				C015694A2A77998E008685C2 /* Base */,
			);
			name = LaunchScreen.storyboard;
			sourceTree = "<group>";
		};
/* End PBXVariantGroup section */

/* Begin XCBuildConfiguration section */
		C015694D2A77998E008685C2 /* Debug */ = {
			isa = XCBuildConfiguration;
			buildSettings = {
				ALWAYS_SEARCH_USER_PATHS = NO;
				CLANG_ANALYZER_NONNULL = YES;
				CLANG_ANALYZER_NUMBER_OBJECT_CONVERSION = YES_AGGRESSIVE;
				CLANG_CXX_LANGUAGE_STANDARD = "gnu++20";
				CLANG_ENABLE_MODULES = YES;
				CLANG_ENABLE_OBJC_ARC = YES;
				CLANG_ENABLE_OBJC_WEAK = YES;
				CLANG_WARN_BLOCK_CAPTURE_AUTORELEASING = YES;
				CLANG_WARN_BOOL_CONVERSION = YES;
				CLANG_WARN_COMMA = YES;
				CLANG_WARN_CONSTANT_CONVERSION = YES;
				CLANG_WARN_DEPRECATED_OBJC_IMPLEMENTATIONS = YES;
				CLANG_WARN_DIRECT_OBJC_ISA_USAGE = YES_ERROR;
				CLANG_WARN_DOCUMENTATION_COMMENTS = YES;
				CLANG_WARN_EMPTY_BODY = YES;
				CLANG_WARN_ENUM_CONVERSION = YES;
				CLANG_WARN_INFINITE_RECURSION = YES;
				CLANG_WARN_INT_CONVERSION = YES;
				CLANG_WARN_NON_LITERAL_NULL_CONVERSION = YES;
				CLANG_WARN_OBJC_IMPLICIT_RETAIN_SELF = YES;
				CLANG_WARN_OBJC_LITERAL_CONVERSION = YES;
				CLANG_WARN_OBJC_ROOT_CLASS = YES_ERROR;
				CLANG_WARN_QUOTED_INCLUDE_IN_FRAMEWORK_HEADER = YES;
				CLANG_WARN_RANGE_LOOP_ANALYSIS = YES;
				CLANG_WARN_STRICT_PROTOTYPES = YES;
				CLANG_WARN_SUSPICIOUS_MOVE = YES;
				CLANG_WARN_UNGUARDED_AVAILABILITY = YES_AGGRESSIVE;
				CLANG_WARN_UNREACHABLE_CODE = YES;
				CLANG_WARN__DUPLICATE_METHOD_MATCH = YES;
				COPY_PHASE_STRIP = NO;
				DEBUG_INFORMATION_FORMAT = dwarf;
				ENABLE_STRICT_OBJC_MSGSEND = YES;
				ENABLE_TESTABILITY = YES;
				GCC_C_LANGUAGE_STANDARD = gnu11;
				GCC_DYNAMIC_NO_PIC = NO;
				GCC_NO_COMMON_BLOCKS = YES;
				GCC_OPTIMIZATION_LEVEL = 0;
				GCC_PREPROCESSOR_DEFINITIONS = (
					"DEBUG=1",
					"$(inherited)",
				);
				GCC_WARN_64_TO_32_BIT_CONVERSION = YES;
				GCC_WARN_ABOUT_RETURN_TYPE = YES_ERROR;
				GCC_WARN_UNDECLARED_SELECTOR = YES;
				GCC_WARN_UNINITIALIZED_AUTOS = YES_AGGRESSIVE;
				GCC_WARN_UNUSED_FUNCTION = YES;
				GCC_WARN_UNUSED_VARIABLE = YES;
				IPHONEOS_DEPLOYMENT_TARGET = 16.4;
				MTL_ENABLE_DEBUG_INFO = INCLUDE_SOURCE;
				MTL_FAST_MATH = YES;
				ONLY_ACTIVE_ARCH = YES;
				SDKROOT = iphoneos;
				SWIFT_ACTIVE_COMPILATION_CONDITIONS = DEBUG;
				SWIFT_OPTIMIZATION_LEVEL = "-Onone";
			};
			name = Debug;
		};
		C015694E2A77998E008685C2 /* Release */ = {
			isa = XCBuildConfiguration;
			buildSettings = {
				ALWAYS_SEARCH_USER_PATHS = NO;
				CLANG_ANALYZER_NONNULL = YES;
				CLANG_ANALYZER_NUMBER_OBJECT_CONVERSION = YES_AGGRESSIVE;
				CLANG_CXX_LANGUAGE_STANDARD = "gnu++20";
				CLANG_ENABLE_MODULES = YES;
				CLANG_ENABLE_OBJC_ARC = YES;
				CLANG_ENABLE_OBJC_WEAK = YES;
				CLANG_WARN_BLOCK_CAPTURE_AUTORELEASING = YES;
				CLANG_WARN_BOOL_CONVERSION = YES;
				CLANG_WARN_COMMA = YES;
				CLANG_WARN_CONSTANT_CONVERSION = YES;
				CLANG_WARN_DEPRECATED_OBJC_IMPLEMENTATIONS = YES;
				CLANG_WARN_DIRECT_OBJC_ISA_USAGE = YES_ERROR;
				CLANG_WARN_DOCUMENTATION_COMMENTS = YES;
				CLANG_WARN_EMPTY_BODY = YES;
				CLANG_WARN_ENUM_CONVERSION = YES;
				CLANG_WARN_INFINITE_RECURSION = YES;
				CLANG_WARN_INT_CONVERSION = YES;
				CLANG_WARN_NON_LITERAL_NULL_CONVERSION = YES;
				CLANG_WARN_OBJC_IMPLICIT_RETAIN_SELF = YES;
				CLANG_WARN_OBJC_LITERAL_CONVERSION = YES;
				CLANG_WARN_OBJC_ROOT_CLASS = YES_ERROR;
				CLANG_WARN_QUOTED_INCLUDE_IN_FRAMEWORK_HEADER = YES;
				CLANG_WARN_RANGE_LOOP_ANALYSIS = YES;
				CLANG_WARN_STRICT_PROTOTYPES = YES;
				CLANG_WARN_SUSPICIOUS_MOVE = YES;
				CLANG_WARN_UNGUARDED_AVAILABILITY = YES_AGGRESSIVE;
				CLANG_WARN_UNREACHABLE_CODE = YES;
				CLANG_WARN__DUPLICATE_METHOD_MATCH = YES;
				COPY_PHASE_STRIP = NO;
				DEBUG_INFORMATION_FORMAT = "dwarf-with-dsym";
				ENABLE_NS_ASSERTIONS = NO;
				ENABLE_STRICT_OBJC_MSGSEND = YES;
				GCC_C_LANGUAGE_STANDARD = gnu11;
				GCC_NO_COMMON_BLOCKS = YES;
				GCC_WARN_64_TO_32_BIT_CONVERSION = YES;
				GCC_WARN_ABOUT_RETURN_TYPE = YES_ERROR;
				GCC_WARN_UNDECLARED_SELECTOR = YES;
				GCC_WARN_UNINITIALIZED_AUTOS = YES_AGGRESSIVE;
				GCC_WARN_UNUSED_FUNCTION = YES;
				GCC_WARN_UNUSED_VARIABLE = YES;
				IPHONEOS_DEPLOYMENT_TARGET = 16.4;
				MTL_ENABLE_DEBUG_INFO = NO;
				MTL_FAST_MATH = YES;
				SDKROOT = iphoneos;
				SWIFT_COMPILATION_MODE = wholemodule;
				SWIFT_OPTIMIZATION_LEVEL = "-O";
				VALIDATE_PRODUCT = YES;
			};
			name = Release;
		};
		C01569502A77998E008685C2 /* Debug */ = {
			isa = XCBuildConfiguration;
			buildSettings = {
				ASSETCATALOG_COMPILER_APPICON_NAME = AppIcon;
				ASSETCATALOG_COMPILER_GLOBAL_ACCENT_COLOR_NAME = AccentColor;
				CODE_SIGN_STYLE = Automatic;
				CURRENT_PROJECT_VERSION = 1;
				DEVELOPMENT_TEAM = SV3K237PCX;
				GENERATE_INFOPLIST_FILE = YES;
				INFOPLIST_FILE = bookwarm/Info.plist;
				INFOPLIST_KEY_UIApplicationSupportsIndirectInputEvents = YES;
				INFOPLIST_KEY_UILaunchStoryboardName = LaunchScreen;
				INFOPLIST_KEY_UIMainStoryboardFile = Main;
				INFOPLIST_KEY_UISupportedInterfaceOrientations_iPad = "UIInterfaceOrientationPortrait UIInterfaceOrientationPortraitUpsideDown UIInterfaceOrientationLandscapeLeft UIInterfaceOrientationLandscapeRight";
				INFOPLIST_KEY_UISupportedInterfaceOrientations_iPhone = "UIInterfaceOrientationPortrait UIInterfaceOrientationLandscapeLeft UIInterfaceOrientationLandscapeRight";
				LD_RUNPATH_SEARCH_PATHS = (
					"$(inherited)",
					"@executable_path/Frameworks",
				);
				MARKETING_VERSION = 1.0;
				PRODUCT_BUNDLE_IDENTIFIER = com.study.bookwarm;
				PRODUCT_NAME = "$(TARGET_NAME)";
				SWIFT_EMIT_LOC_STRINGS = YES;
				SWIFT_VERSION = 5.0;
				TARGETED_DEVICE_FAMILY = "1,2";
			};
			name = Debug;
		};
		C01569512A77998E008685C2 /* Release */ = {
			isa = XCBuildConfiguration;
			buildSettings = {
				ASSETCATALOG_COMPILER_APPICON_NAME = AppIcon;
				ASSETCATALOG_COMPILER_GLOBAL_ACCENT_COLOR_NAME = AccentColor;
				CODE_SIGN_STYLE = Automatic;
				CURRENT_PROJECT_VERSION = 1;
				DEVELOPMENT_TEAM = SV3K237PCX;
				GENERATE_INFOPLIST_FILE = YES;
				INFOPLIST_FILE = bookwarm/Info.plist;
				INFOPLIST_KEY_UIApplicationSupportsIndirectInputEvents = YES;
				INFOPLIST_KEY_UILaunchStoryboardName = LaunchScreen;
				INFOPLIST_KEY_UIMainStoryboardFile = Main;
				INFOPLIST_KEY_UISupportedInterfaceOrientations_iPad = "UIInterfaceOrientationPortrait UIInterfaceOrientationPortraitUpsideDown UIInterfaceOrientationLandscapeLeft UIInterfaceOrientationLandscapeRight";
				INFOPLIST_KEY_UISupportedInterfaceOrientations_iPhone = "UIInterfaceOrientationPortrait UIInterfaceOrientationLandscapeLeft UIInterfaceOrientationLandscapeRight";
				LD_RUNPATH_SEARCH_PATHS = (
					"$(inherited)",
					"@executable_path/Frameworks",
				);
				MARKETING_VERSION = 1.0;
				PRODUCT_BUNDLE_IDENTIFIER = com.study.bookwarm;
				PRODUCT_NAME = "$(TARGET_NAME)";
				SWIFT_EMIT_LOC_STRINGS = YES;
				SWIFT_VERSION = 5.0;
				TARGETED_DEVICE_FAMILY = "1,2";
			};
			name = Release;
		};
/* End XCBuildConfiguration section */

/* Begin XCConfigurationList section */
		C01569362A77998D008685C2 /* Build configuration list for PBXProject "bookwarm" */ = {
			isa = XCConfigurationList;
			buildConfigurations = (
				C015694D2A77998E008685C2 /* Debug */,
				C015694E2A77998E008685C2 /* Release */,
			);
			defaultConfigurationIsVisible = 0;
			defaultConfigurationName = Release;
		};
		C015694F2A77998E008685C2 /* Build configuration list for PBXNativeTarget "bookwarm" */ = {
			isa = XCConfigurationList;
			buildConfigurations = (
				C01569502A77998E008685C2 /* Debug */,
				C01569512A77998E008685C2 /* Release */,
			);
			defaultConfigurationIsVisible = 0;
			defaultConfigurationName = Release;
		};
/* End XCConfigurationList section */

/* Begin XCRemoteSwiftPackageReference section */
		C05C44552AA5A39800C4CE69 /* XCRemoteSwiftPackageReference "realm-swift" */ = {
			isa = XCRemoteSwiftPackageReference;
			repositoryURL = "https://github.com/realm/realm-swift.git";
			requirement = {
				kind = upToNextMajorVersion;
				minimumVersion = 10.42.0;
			};
		};
		C05C44902AA7145F00C4CE69 /* XCRemoteSwiftPackageReference "SnapKit" */ = {
			isa = XCRemoteSwiftPackageReference;
			repositoryURL = "https://github.com/SnapKit/SnapKit.git";
			requirement = {
				kind = upToNextMajorVersion;
				minimumVersion = 5.0.0;
			};
		};
		C0A4058A2A82688D00C7C1CE /* XCRemoteSwiftPackageReference "Kingfisher" */ = {
			isa = XCRemoteSwiftPackageReference;
			repositoryURL = "https://github.com/onevcat/Kingfisher.git";
			requirement = {
				kind = upToNextMajorVersion;
				minimumVersion = 7.0.0;
			};
		};
		C0A4058D2A82689D00C7C1CE /* XCRemoteSwiftPackageReference "SwiftyJSON" */ = {
			isa = XCRemoteSwiftPackageReference;
			repositoryURL = "https://github.com/SwiftyJSON/SwiftyJSON.git";
			requirement = {
				kind = upToNextMajorVersion;
				minimumVersion = 5.0.0;
			};
		};
		C0A405902A8268A600C7C1CE /* XCRemoteSwiftPackageReference "Alamofire" */ = {
			isa = XCRemoteSwiftPackageReference;
			repositoryURL = "https://github.com/Alamofire/Alamofire.git";
			requirement = {
				kind = upToNextMajorVersion;
				minimumVersion = 5.0.0;
			};
		};
/* End XCRemoteSwiftPackageReference section */

/* Begin XCSwiftPackageProductDependency section */
		C05C44562AA5A39800C4CE69 /* Realm */ = {
			isa = XCSwiftPackageProductDependency;
			package = C05C44552AA5A39800C4CE69 /* XCRemoteSwiftPackageReference "realm-swift" */;
			productName = Realm;
		};
		C05C44582AA5A39800C4CE69 /* RealmSwift */ = {
			isa = XCSwiftPackageProductDependency;
			package = C05C44552AA5A39800C4CE69 /* XCRemoteSwiftPackageReference "realm-swift" */;
			productName = RealmSwift;
		};
		C05C44912AA7146000C4CE69 /* SnapKit */ = {
			isa = XCSwiftPackageProductDependency;
			package = C05C44902AA7145F00C4CE69 /* XCRemoteSwiftPackageReference "SnapKit" */;
			productName = SnapKit;
		};
		C0A4058B2A82688D00C7C1CE /* Kingfisher */ = {
			isa = XCSwiftPackageProductDependency;
			package = C0A4058A2A82688D00C7C1CE /* XCRemoteSwiftPackageReference "Kingfisher" */;
			productName = Kingfisher;
		};
		C0A4058E2A82689D00C7C1CE /* SwiftyJSON */ = {
			isa = XCSwiftPackageProductDependency;
			package = C0A4058D2A82689D00C7C1CE /* XCRemoteSwiftPackageReference "SwiftyJSON" */;
			productName = SwiftyJSON;
		};
		C0A405912A8268A600C7C1CE /* Alamofire */ = {
			isa = XCSwiftPackageProductDependency;
			package = C0A405902A8268A600C7C1CE /* XCRemoteSwiftPackageReference "Alamofire" */;
			productName = Alamofire;
		};
/* End XCSwiftPackageProductDependency section */
	};
	rootObject = C01569332A77998D008685C2 /* Project object */;
}
